{
  "requires": true,
  "lockfileVersion": 1,
  "dependencies": {
    "vue-devtools": {
      "version": "5.1.4",
      "resolved": "https://registry.npmjs.org/vue-devtools/-/vue-devtools-5.1.4.tgz",
      "integrity": "sha512-EBAEXvAHUinsPzoSiElps0JgtLXUnJXKIJbP6nfdz/R63VdKBMfJ34/rFip+4iT7iMbVS5lA4W6N1jq4Hj4LCg=="
    }
  }
}
